// !$*UTF8*$!
{
	archiveVersion = 1;
	classes = {
	};
	objectVersion = 50;
	objects = {

/* Begin PBXBuildFile section */
		5D11286BD94C995EDBB829EB /* libPods-HGC_Category.a in Frameworks */ = {isa = PBXBuildFile; fileRef = 2B1734F77E2F99ED96F38A94 /* libPods-HGC_Category.a */; };
		A98D498B20EA169B00C40AA1 /* AppDelegate.m in Sources */ = {isa = PBXBuildFile; fileRef = A98D498A20EA169B00C40AA1 /* AppDelegate.m */; };
		A98D498E20EA169B00C40AA1 /* ViewController.m in Sources */ = {isa = PBXBuildFile; fileRef = A98D498D20EA169B00C40AA1 /* ViewController.m */; };
		A98D499120EA169B00C40AA1 /* Main.storyboard in Resources */ = {isa = PBXBuildFile; fileRef = A98D498F20EA169B00C40AA1 /* Main.storyboard */; };
		A98D499320EA169C00C40AA1 /* Assets.xcassets in Resources */ = {isa = PBXBuildFile; fileRef = A98D499220EA169C00C40AA1 /* Assets.xcassets */; };
		A98D499620EA169C00C40AA1 /* LaunchScreen.storyboard in Resources */ = {isa = PBXBuildFile; fileRef = A98D499420EA169C00C40AA1 /* LaunchScreen.storyboard */; };
		A98D499920EA169C00C40AA1 /* main.m in Sources */ = {isa = PBXBuildFile; fileRef = A98D499820EA169C00C40AA1 /* main.m */; };
		A98D49A520EA1F6200C40AA1 /* Cmodel.m in Sources */ = {isa = PBXBuildFile; fileRef = A98D49A420EA1F6200C40AA1 /* Cmodel.m */; };
/* End PBXBuildFile section */

/* Begin PBXFileReference section */
		04619AEE10E7C1B74CFEB019 /* Pods-HGC_Category.release.xcconfig */ = {isa = PBXFileReference; includeInIndex = 1; lastKnownFileType = text.xcconfig; name = "Pods-HGC_Category.release.xcconfig"; path = "Pods/Target Support Files/Pods-HGC_Category/Pods-HGC_Category.release.xcconfig"; sourceTree = "<group>"; };
		2B1734F77E2F99ED96F38A94 /* libPods-HGC_Category.a */ = {isa = PBXFileReference; explicitFileType = archive.ar; includeInIndex = 0; path = "libPods-HGC_Category.a"; sourceTree = BUILT_PRODUCTS_DIR; };
		800151F313B57CD213752F0A /* Pods-HGC_Category.debug.xcconfig */ = {isa = PBXFileReference; includeInIndex = 1; lastKnownFileType = text.xcconfig; name = "Pods-HGC_Category.debug.xcconfig"; path = "Pods/Target Support Files/Pods-HGC_Category/Pods-HGC_Category.debug.xcconfig"; sourceTree = "<group>"; };
		A98D498620EA169B00C40AA1 /* HGC_Category.app */ = {isa = PBXFileReference; explicitFileType = wrapper.application; includeInIndex = 0; path = HGC_Category.app; sourceTree = BUILT_PRODUCTS_DIR; };
		A98D498920EA169B00C40AA1 /* AppDelegate.h */ = {isa = PBXFileReference; lastKnownFileType = sourcecode.c.h; path = AppDelegate.h; sourceTree = "<group>"; };
		A98D498A20EA169B00C40AA1 /* AppDelegate.m */ = {isa = PBXFileReference; lastKnownFileType = sourcecode.c.objc; path = AppDelegate.m; sourceTree = "<group>"; };
		A98D498C20EA169B00C40AA1 /* ViewController.h */ = {isa = PBXFileReference; lastKnownFileType = sourcecode.c.h; path = ViewController.h; sourceTree = "<group>"; };
		A98D498D20EA169B00C40AA1 /* ViewController.m */ = {isa = PBXFileReference; lastKnownFileType = sourcecode.c.objc; path = ViewController.m; sourceTree = "<group>"; };
		A98D499020EA169B00C40AA1 /* Base */ = {isa = PBXFileReference; lastKnownFileType = file.storyboard; name = Base; path = Base.lproj/Main.storyboard; sourceTree = "<group>"; };
		A98D499220EA169C00C40AA1 /* Assets.xcassets */ = {isa = PBXFileReference; lastKnownFileType = folder.assetcatalog; path = Assets.xcassets; sourceTree = "<group>"; };
		A98D499520EA169C00C40AA1 /* Base */ = {isa = PBXFileReference; lastKnownFileType = file.storyboard; name = Base; path = Base.lproj/LaunchScreen.storyboard; sourceTree = "<group>"; };
		A98D499720EA169C00C40AA1 /* Info.plist */ = {isa = PBXFileReference; lastKnownFileType = text.plist.xml; path = Info.plist; sourceTree = "<group>"; };
		A98D499820EA169C00C40AA1 /* main.m */ = {isa = PBXFileReference; lastKnownFileType = sourcecode.c.objc; path = main.m; sourceTree = "<group>"; };
		A98D49A320EA1F6200C40AA1 /* Cmodel.h */ = {isa = PBXFileReference; lastKnownFileType = sourcecode.c.h; path = Cmodel.h; sourceTree = "<group>"; };
		A98D49A420EA1F6200C40AA1 /* Cmodel.m */ = {isa = PBXFileReference; lastKnownFileType = sourcecode.c.objc; path = Cmodel.m; sourceTree = "<group>"; };
/* End PBXFileReference section */

/* Begin PBXFrameworksBuildPhase section */
		A98D498320EA169B00C40AA1 /* Frameworks */ = {
			isa = PBXFrameworksBuildPhase;
			buildActionMask = 2147483647;
			files = (
				5D11286BD94C995EDBB829EB /* libPods-HGC_Category.a in Frameworks */,
			);
			runOnlyForDeploymentPostprocessing = 0;
		};
/* End PBXFrameworksBuildPhase section */

/* Begin PBXGroup section */
		1C4B4BA6497611DA93A5FED1 /* Pods */ = {
			isa = PBXGroup;
			children = (
				800151F313B57CD213752F0A /* Pods-HGC_Category.debug.xcconfig */,
				04619AEE10E7C1B74CFEB019 /* Pods-HGC_Category.release.xcconfig */,
			);
			name = Pods;
			sourceTree = "<group>";
		};
		752A45E9A2705926E9B9958F /* Frameworks */ = {
			isa = PBXGroup;
			children = (
				2B1734F77E2F99ED96F38A94 /* libPods-HGC_Category.a */,
			);
			name = Frameworks;
			sourceTree = "<group>";
		};
		A98D497D20EA169B00C40AA1 = {
			isa = PBXGroup;
			children = (
				A98D498820EA169B00C40AA1 /* HGC_Category */,
				A98D498720EA169B00C40AA1 /* Products */,
				1C4B4BA6497611DA93A5FED1 /* Pods */,
				752A45E9A2705926E9B9958F /* Frameworks */,
			);
			sourceTree = "<group>";
		};
		A98D498720EA169B00C40AA1 /* Products */ = {
			isa = PBXGroup;
			children = (
				A98D498620EA169B00C40AA1 /* HGC_Category.app */,
			);
			name = Products;
			sourceTree = "<group>";
		};
		A98D498820EA169B00C40AA1 /* HGC_Category */ = {
			isa = PBXGroup;
			children = (
				A98D499F20EA17C700C40AA1 /* HGC_Category */,
				A98D498920EA169B00C40AA1 /* AppDelegate.h */,
				A98D498A20EA169B00C40AA1 /* AppDelegate.m */,
				A98D498C20EA169B00C40AA1 /* ViewController.h */,
				A98D498D20EA169B00C40AA1 /* ViewController.m */,
				A98D498F20EA169B00C40AA1 /* Main.storyboard */,
				A98D499220EA169C00C40AA1 /* Assets.xcassets */,
				A98D499420EA169C00C40AA1 /* LaunchScreen.storyboard */,
				A98D499720EA169C00C40AA1 /* Info.plist */,
				A98D499820EA169C00C40AA1 /* main.m */,
			);
			path = HGC_Category;
			sourceTree = "<group>";
		};
		A98D499F20EA17C700C40AA1 /* HGC_Category */ = {
			isa = PBXGroup;
			children = (
				A98D49A320EA1F6200C40AA1 /* Cmodel.h */,
				A98D49A420EA1F6200C40AA1 /* Cmodel.m */,
			);
			path = HGC_Category;
			sourceTree = "<group>";
		};
/* End PBXGroup section */

/* Begin PBXNativeTarget section */
		A98D498520EA169B00C40AA1 /* HGC_Category */ = {
			isa = PBXNativeTarget;
			buildConfigurationList = A98D499C20EA169C00C40AA1 /* Build configuration list for PBXNativeTarget "HGC_Category" */;
			buildPhases = (
				A6BD36C3D6BA498742ADE421 /* [CP] Check Pods Manifest.lock */,
				A98D498220EA169B00C40AA1 /* Sources */,
				A98D498320EA169B00C40AA1 /* Frameworks */,
				A98D498420EA169B00C40AA1 /* Resources */,
			);
			buildRules = (
			);
			dependencies = (
			);
			name = HGC_Category;
			productName = HGC_Category;
			productReference = A98D498620EA169B00C40AA1 /* HGC_Category.app */;
			productType = "com.apple.product-type.application";
		};
/* End PBXNativeTarget section */

/* Begin PBXProject section */
		A98D497E20EA169B00C40AA1 /* Project object */ = {
			isa = PBXProject;
			attributes = {
				LastUpgradeCheck = 0930;
				ORGANIZATIONNAME = "胡志辉";
				TargetAttributes = {
					A98D498520EA169B00C40AA1 = {
						CreatedOnToolsVersion = 9.3;
					};
				};
			};
			buildConfigurationList = A98D498120EA169B00C40AA1 /* Build configuration list for PBXProject "HGC_Category" */;
			compatibilityVersion = "Xcode 9.3";
			developmentRegion = en;
			hasScannedForEncodings = 0;
			knownRegions = (
				en,
				Base,
			);
			mainGroup = A98D497D20EA169B00C40AA1;
			productRefGroup = A98D498720EA169B00C40AA1 /* Products */;
			projectDirPath = "";
			projectRoot = "";
			targets = (
				A98D498520EA169B00C40AA1 /* HGC_Category */,
			);
		};
/* End PBXProject section */

/* Begin PBXResourcesBuildPhase section */
		A98D498420EA169B00C40AA1 /* Resources */ = {
			isa = PBXResourcesBuildPhase;
			buildActionMask = 2147483647;
			files = (
				A98D499620EA169C00C40AA1 /* LaunchScreen.storyboard in Resources */,
				A98D499320EA169C00C40AA1 /* Assets.xcassets in Resources */,
				A98D499120EA169B00C40AA1 /* Main.storyboard in Resources */,
			);
			runOnlyForDeploymentPostprocessing = 0;
		};
/* End PBXResourcesBuildPhase section */

/* Begin PBXShellScriptBuildPhase section */
		A6BD36C3D6BA498742ADE421 /* [CP] Check Pods Manifest.lock */ = {
			isa = PBXShellScriptBuildPhase;
			buildActionMask = 2147483647;
			files = (
			);
			inputPaths = (
				"${PODS_PODFILE_DIR_PATH}/Podfile.lock",
				"${PODS_ROOT}/Manifest.lock",
			);
			name = "[CP] Check Pods Manifest.lock";
			outputPaths = (
				"$(DERIVED_FILE_DIR)/Pods-HGC_Category-checkManifestLockResult.txt",
			);
			runOnlyForDeploymentPostprocessing = 0;
			shellPath = /bin/sh;
			shellScript = "diff \"${PODS_PODFILE_DIR_PATH}/Podfile.lock\" \"${PODS_ROOT}/Manifest.lock\" > /dev/null\nif [ $? != 0 ] ; then\n    # print error to STDERR\n    echo \"error: The sandbox is not in sync with the Podfile.lock. Run 'pod install' or update your CocoaPods installation.\" >&2\n    exit 1\nfi\n# This output is used by Xcode 'outputs' to avoid re-running this script phase.\necho \"SUCCESS\" > \"${SCRIPT_OUTPUT_FILE_0}\"\n";
			showEnvVarsInLog = 0;
		};
/* End PBXShellScriptBuildPhase section */

/* Begin PBXSourcesBuildPhase section */
		A98D498220EA169B00C40AA1 /* Sources */ = {
			isa = PBXSourcesBuildPhase;
			buildActionMask = 2147483647;
			files = (
				A98D498E20EA169B00C40AA1 /* ViewController.m in Sources */,
				A98D499920EA169C00C40AA1 /* main.m in Sources */,
				A98D498B20EA169B00C40AA1 /* AppDelegate.m in Sources */,
				A98D49A520EA1F6200C40AA1 /* Cmodel.m in Sources */,
			);
			runOnlyForDeploymentPostprocessing = 0;
		};
/* End PBXSourcesBuildPhase section */

/* Begin PBXVariantGroup section */
		A98D498F20EA169B00C40AA1 /* Main.storyboard */ = {
			isa = PBXVariantGroup;
			children = (
				A98D499020EA169B00C40AA1 /* Base */,
			);
			name = Main.storyboard;
			sourceTree = "<group>";
		};
		A98D499420EA169C00C40AA1 /* LaunchScreen.storyboard */ = {
			isa = PBXVariantGroup;
			children = (
				A98D499520EA169C00C40AA1 /* Base */,
			);
			name = LaunchScreen.storyboard;
			sourceTree = "<group>";
		};
/* End PBXVariantGroup section */

/* Begin XCBuildConfiguration section */
		A98D499A20EA169C00C40AA1 /* Debug */ = {
			isa = XCBuildConfiguration;
			buildSettings = {
				ALWAYS_SEARCH_USER_PATHS = NO;
				CLANG_ANALYZER_NONNULL = YES;
				CLANG_ANALYZER_NUMBER_OBJECT_CONVERSION = YES_AGGRESSIVE;
				CLANG_CXX_LANGUAGE_STANDARD = "gnu++14";
				CLANG_CXX_LIBRARY = "libc++";
				CLANG_ENABLE_MODULES = YES;
				CLANG_ENABLE_OBJC_ARC = YES;
				CLANG_ENABLE_OBJC_WEAK = YES;
				CLANG_WARN_BLOCK_CAPTURE_AUTORELEASING = YES;
				CLANG_WARN_BOOL_CONVERSION = YES;
				CLANG_WARN_COMMA = YES;
				CLANG_WARN_CONSTANT_CONVERSION = YES;
				CLANG_WARN_DEPRECATED_OBJC_IMPLEMENTATIONS = YES;
				CLANG_WARN_DIRECT_OBJC_ISA_USAGE = YES_ERROR;
				CLANG_WARN_DOCUMENTATION_COMMENTS = YES;
				CLANG_WARN_EMPTY_BODY = YES;
				CLANG_WARN_ENUM_CONVERSION = YES;
				CLANG_WARN_INFINITE_RECURSION = YES;
				CLANG_WARN_INT_CONVERSION = YES;
				CLANG_WARN_NON_LITERAL_NULL_CONVERSION = YES;
				CLANG_WARN_OBJC_IMPLICIT_RETAIN_SELF = YES;
				CLANG_WARN_OBJC_LITERAL_CONVERSION = YES;
				CLANG_WARN_OBJC_ROOT_CLASS = YES_ERROR;
				CLANG_WARN_RANGE_LOOP_ANALYSIS = YES;
				CLANG_WARN_STRICT_PROTOTYPES = YES;
				CLANG_WARN_SUSPICIOUS_MOVE = YES;
				CLANG_WARN_UNGUARDED_AVAILABILITY = YES_AGGRESSIVE;
				CLANG_WARN_UNREACHABLE_CODE = YES;
				CLANG_WARN__DUPLICATE_METHOD_MATCH = YES;
				CODE_SIGN_IDENTITY = "iPhone Developer";
				COPY_PHASE_STRIP = NO;
				DEBUG_INFORMATION_FORMAT = dwarf;
				ENABLE_STRICT_OBJC_MSGSEND = YES;
				ENABLE_TESTABILITY = YES;
				GCC_C_LANGUAGE_STANDARD = gnu11;
				GCC_DYNAMIC_NO_PIC = NO;
				GCC_NO_COMMON_BLOCKS = YES;
				GCC_OPTIMIZATION_LEVEL = 0;
				GCC_PREPROCESSOR_DEFINITIONS = (
					"DEBUG=1",
					"$(inherited)",
				);
				GCC_WARN_64_TO_32_BIT_CONVERSION = YES;
				GCC_WARN_ABOUT_RETURN_TYPE = YES_ERROR;
				GCC_WARN_UNDECLARED_SELECTOR = YES;
				GCC_WARN_UNINITIALIZED_AUTOS = YES_AGGRESSIVE;
				GCC_WARN_UNUSED_FUNCTION = YES;
				GCC_WARN_UNUSED_VARIABLE = YES;
				IPHONEOS_DEPLOYMENT_TARGET = 11.3;
				MTL_ENABLE_DEBUG_INFO = YES;
				ONLY_ACTIVE_ARCH = YES;
				SDKROOT = iphoneos;
			};
			name = Debug;
		};
		A98D499B20EA169C00C40AA1 /* Release */ = {
			isa = XCBuildConfiguration;
			buildSettings = {
				ALWAYS_SEARCH_USER_PATHS = NO;
				CLANG_ANALYZER_NONNULL = YES;
				CLANG_ANALYZER_NUMBER_OBJECT_CONVERSION = YES_AGGRESSIVE;
				CLANG_CXX_LANGUAGE_STANDARD = "gnu++14";
				CLANG_CXX_LIBRARY = "libc++";
				CLANG_ENABLE_MODULES = YES;
				CLANG_ENABLE_OBJC_ARC = YES;
				CLANG_ENABLE_OBJC_WEAK = YES;
				CLANG_WARN_BLOCK_CAPTURE_AUTORELEASING = YES;
				CLANG_WARN_BOOL_CONVERSION = YES;
				CLANG_WARN_COMMA = YES;
				CLANG_WARN_CONSTANT_CONVERSION = YES;
				CLANG_WARN_DEPRECATED_OBJC_IMPLEMENTATIONS = YES;
				CLANG_WARN_DIRECT_OBJC_ISA_USAGE = YES_ERROR;
				CLANG_WARN_DOCUMENTATION_COMMENTS = YES;
				CLANG_WARN_EMPTY_BODY = YES;
				CLANG_WARN_ENUM_CONVERSION = YES;
				CLANG_WARN_INFINITE_RECURSION = YES;
				CLANG_WARN_INT_CONVERSION = YES;
				CLANG_WARN_NON_LITERAL_NULL_CONVERSION = YES;
				CLANG_WARN_OBJC_IMPLICIT_RETAIN_SELF = YES;
				CLANG_WARN_OBJC_LITERAL_CONVERSION = YES;
				CLANG_WARN_OBJC_ROOT_CLASS = YES_ERROR;
				CLANG_WARN_RANGE_LOOP_ANALYSIS = YES;
				CLANG_WARN_STRICT_PROTOTYPES = YES;
				CLANG_WARN_SUSPICIOUS_MOVE = YES;
				CLANG_WARN_UNGUARDED_AVAILABILITY = YES_AGGRESSIVE;
				CLANG_WARN_UNREACHABLE_CODE = YES;
				CLANG_WARN__DUPLICATE_METHOD_MATCH = YES;
				CODE_SIGN_IDENTITY = "iPhone Developer";
				COPY_PHASE_STRIP = NO;
				DEBUG_INFORMATION_FORMAT = "dwarf-with-dsym";
				ENABLE_NS_ASSERTIONS = NO;
				ENABLE_STRICT_OBJC_MSGSEND = YES;
				GCC_C_LANGUAGE_STANDARD = gnu11;
				GCC_NO_COMMON_BLOCKS = YES;
				GCC_WARN_64_TO_32_BIT_CONVERSION = YES;
				GCC_WARN_ABOUT_RETURN_TYPE = YES_ERROR;
				GCC_WARN_UNDECLARED_SELECTOR = YES;
				GCC_WARN_UNINITIALIZED_AUTOS = YES_AGGRESSIVE;
				GCC_WARN_UNUSED_FUNCTION = YES;
				GCC_WARN_UNUSED_VARIABLE = YES;
				IPHONEOS_DEPLOYMENT_TARGET = 11.3;
				MTL_ENABLE_DEBUG_INFO = NO;
				SDKROOT = iphoneos;
				VALIDATE_PRODUCT = YES;
			};
			name = Release;
		};
		A98D499D20EA169C00C40AA1 /* Debug */ = {
			isa = XCBuildConfiguration;
			baseConfigurationReference = 800151F313B57CD213752F0A /* Pods-HGC_Category.debug.xcconfig */;
			buildSettings = {
				ASSETCATALOG_COMPILER_APPICON_NAME = AppIcon;
				CODE_SIGN_STYLE = Automatic;
				INFOPLIST_FILE = HGC_Category/Info.plist;
				LD_RUNPATH_SEARCH_PATHS = (
					"$(inherited)",
					"@executable_path/Frameworks",
				);
				PRODUCT_BUNDLE_IDENTIFIER = "---.HGC-Category";
				PRODUCT_NAME = "$(TARGET_NAME)";
				TARGETED_DEVICE_FAMILY = "1,2";
			};
			name = Debug;
		};
		A98D499E20EA169C00C40AA1 /* Release */ = {
			isa = XCBuildConfiguration;
			baseConfigurationReference = 04619AEE10E7C1B74CFEB019 /* Pods-HGC_Category.release.xcconfig */;
			buildSettings = {
				ASSETCATALOG_COMPILER_APPICON_NAME = AppIcon;
				CODE_SIGN_STYLE = Automatic;
				INFOPLIST_FILE = HGC_Category/Info.plist;
				LD_RUNPATH_SEARCH_PATHS = (
					"$(inherited)",
					"@executable_path/Frameworks",
				);
				PRODUCT_BUNDLE_IDENTIFIER = "---.HGC-Category";
				PRODUCT_NAME = "$(TARGET_NAME)";
				TARGETED_DEVICE_FAMILY = "1,2";
			};
			name = Release;
		};
/* End XCBuildConfiguration section */

/* Begin XCConfigurationList section */
		A98D498120EA169B00C40AA1 /* Build configuration list for PBXProject "HGC_Category" */ = {
			isa = XCConfigurationList;
			buildConfigurations = (
				A98D499A20EA169C00C40AA1 /* Debug */,
				A98D499B20EA169C00C40AA1 /* Release */,
			);
			defaultConfigurationIsVisible = 0;
			defaultConfigurationName = Release;
		};
		A98D499C20EA169C00C40AA1 /* Build configuration list for PBXNativeTarget "HGC_Category" */ = {
			isa = XCConfigurationList;
			buildConfigurations = (
				A98D499D20EA169C00C40AA1 /* Debug */,
				A98D499E20EA169C00C40AA1 /* Release */,
			);
			defaultConfigurationIsVisible = 0;
			defaultConfigurationName = Release;
		};
/* End XCConfigurationList section */
	};
	rootObject = A98D497E20EA169B00C40AA1 /* Project object */;
}
